// !$*UTF8*$!
{
	archiveVersion = 1;
	classes = {
	};
	objectVersion = 56;
	objects = {

/* Begin PBXBuildFile section */
		EA9D2BC32B6D7D04004E5830 /* Gaurav_PizzaApp.swift in Sources */ = {isa = PBXBuildFile; fileRef = EA9D2BC22B6D7D04004E5830 /* Gaurav_PizzaApp.swift */; };
		EA9D2BC52B6D7D04004E5830 /* ContentView.swift in Sources */ = {isa = PBXBuildFile; fileRef = EA9D2BC42B6D7D04004E5830 /* ContentView.swift */; };
		EA9D2BC72B6D7D04004E5830 /* Item.swift in Sources */ = {isa = PBXBuildFile; fileRef = EA9D2BC62B6D7D04004E5830 /* Item.swift */; };
		EA9D2BC92B6D7D05004E5830 /* Assets.xcassets in Resources */ = {isa = PBXBuildFile; fileRef = EA9D2BC82B6D7D05004E5830 /* Assets.xcassets */; };
		EA9D2BCC2B6D7D05004E5830 /* Preview Assets.xcassets in Resources */ = {isa = PBXBuildFile; fileRef = EA9D2BCB2B6D7D05004E5830 /* Preview Assets.xcassets */; };
		EA9D2BD62B6D7D05004E5830 /* Gaurav_PizzaTests.swift in Sources */ = {isa = PBXBuildFile; fileRef = EA9D2BD52B6D7D05004E5830 /* Gaurav_PizzaTests.swift */; };
		EA9D2BE02B6D7D05004E5830 /* Gaurav_PizzaUITests.swift in Sources */ = {isa = PBXBuildFile; fileRef = EA9D2BDF2B6D7D05004E5830 /* Gaurav_PizzaUITests.swift */; };
		EA9D2BE22B6D7D05004E5830 /* Gaurav_PizzaUITestsLaunchTests.swift in Sources */ = {isa = PBXBuildFile; fileRef = EA9D2BE12B6D7D05004E5830 /* Gaurav_PizzaUITestsLaunchTests.swift */; };
/* End PBXBuildFile section */

/* Begin PBXContainerItemProxy section */
		EA9D2BD22B6D7D05004E5830 /* PBXContainerItemProxy */ = {
			isa = PBXContainerItemProxy;
			containerPortal = EA9D2BB72B6D7D04004E5830 /* Project object */;
			proxyType = 1;
			remoteGlobalIDString = EA9D2BBE2B6D7D04004E5830;
			remoteInfo = Gaurav_Pizza;
		};
		EA9D2BDC2B6D7D05004E5830 /* PBXContainerItemProxy */ = {
			isa = PBXContainerItemProxy;
			containerPortal = EA9D2BB72B6D7D04004E5830 /* Project object */;
			proxyType = 1;
			remoteGlobalIDString = EA9D2BBE2B6D7D04004E5830;
			remoteInfo = Gaurav_Pizza;
		};
/* End PBXContainerItemProxy section */

/* Begin PBXFileReference section */
		EA9D2BBF2B6D7D04004E5830 /* Gaurav_Pizza.app */ = {isa = PBXFileReference; explicitFileType = wrapper.application; includeInIndex = 0; path = Gaurav_Pizza.app; sourceTree = BUILT_PRODUCTS_DIR; };
		EA9D2BC22B6D7D04004E5830 /* Gaurav_PizzaApp.swift */ = {isa = PBXFileReference; lastKnownFileType = sourcecode.swift; path = Gaurav_PizzaApp.swift; sourceTree = "<group>"; };
		EA9D2BC42B6D7D04004E5830 /* ContentView.swift */ = {isa = PBXFileReference; lastKnownFileType = sourcecode.swift; path = ContentView.swift; sourceTree = "<group>"; };
		EA9D2BC62B6D7D04004E5830 /* Item.swift */ = {isa = PBXFileReference; lastKnownFileType = sourcecode.swift; path = Item.swift; sourceTree = "<group>"; };
		EA9D2BC82B6D7D05004E5830 /* Assets.xcassets */ = {isa = PBXFileReference; lastKnownFileType = folder.assetcatalog; path = Assets.xcassets; sourceTree = "<group>"; };
		EA9D2BCB2B6D7D05004E5830 /* Preview Assets.xcassets */ = {isa = PBXFileReference; lastKnownFileType = folder.assetcatalog; path = "Preview Assets.xcassets"; sourceTree = "<group>"; };
		EA9D2BD12B6D7D05004E5830 /* Gaurav_PizzaTests.xctest */ = {isa = PBXFileReference; explicitFileType = wrapper.cfbundle; includeInIndex = 0; path = Gaurav_PizzaTests.xctest; sourceTree = BUILT_PRODUCTS_DIR; };
		EA9D2BD52B6D7D05004E5830 /* Gaurav_PizzaTests.swift */ = {isa = PBXFileReference; lastKnownFileType = sourcecode.swift; path = Gaurav_PizzaTests.swift; sourceTree = "<group>"; };
		EA9D2BDB2B6D7D05004E5830 /* Gaurav_PizzaUITests.xctest */ = {isa = PBXFileReference; explicitFileType = wrapper.cfbundle; includeInIndex = 0; path = Gaurav_PizzaUITests.xctest; sourceTree = BUILT_PRODUCTS_DIR; };
		EA9D2BDF2B6D7D05004E5830 /* Gaurav_PizzaUITests.swift */ = {isa = PBXFileReference; lastKnownFileType = sourcecode.swift; path = Gaurav_PizzaUITests.swift; sourceTree = "<group>"; };
		EA9D2BE12B6D7D05004E5830 /* Gaurav_PizzaUITestsLaunchTests.swift */ = {isa = PBXFileReference; lastKnownFileType = sourcecode.swift; path = Gaurav_PizzaUITestsLaunchTests.swift; sourceTree = "<group>"; };
/* End PBXFileReference section */

/* Begin PBXFrameworksBuildPhase section */
		EA9D2BBC2B6D7D04004E5830 /* Frameworks */ = {
			isa = PBXFrameworksBuildPhase;
			buildActionMask = 2147483647;
			files = (
			);
			runOnlyForDeploymentPostprocessing = 0;
		};
		EA9D2BCE2B6D7D05004E5830 /* Frameworks */ = {
			isa = PBXFrameworksBuildPhase;
			buildActionMask = 2147483647;
			files = (
			);
			runOnlyForDeploymentPostprocessing = 0;
		};
		EA9D2BD82B6D7D05004E5830 /* Frameworks */ = {
			isa = PBXFrameworksBuildPhase;
			buildActionMask = 2147483647;
			files = (
			);
			runOnlyForDeploymentPostprocessing = 0;
		};
/* End PBXFrameworksBuildPhase section */

/* Begin PBXGroup section */
		EA9D2BB62B6D7D04004E5830 = {
			isa = PBXGroup;
			children = (
				EA9D2BC12B6D7D04004E5830 /* Gaurav_Pizza */,
				EA9D2BD42B6D7D05004E5830 /* Gaurav_PizzaTests */,
				EA9D2BDE2B6D7D05004E5830 /* Gaurav_PizzaUITests */,
				EA9D2BC02B6D7D04004E5830 /* Products */,
			);
			sourceTree = "<group>";
		};
		EA9D2BC02B6D7D04004E5830 /* Products */ = {
			isa = PBXGroup;
			children = (
				EA9D2BBF2B6D7D04004E5830 /* Gaurav_Pizza.app */,
				EA9D2BD12B6D7D05004E5830 /* Gaurav_PizzaTests.xctest */,
				EA9D2BDB2B6D7D05004E5830 /* Gaurav_PizzaUITests.xctest */,
			);
			name = Products;
			sourceTree = "<group>";
		};
		EA9D2BC12B6D7D04004E5830 /* Gaurav_Pizza */ = {
			isa = PBXGroup;
			children = (
				EA9D2BC22B6D7D04004E5830 /* Gaurav_PizzaApp.swift */,
				EA9D2BC42B6D7D04004E5830 /* ContentView.swift */,
				EA9D2BC62B6D7D04004E5830 /* Item.swift */,
				EA9D2BC82B6D7D05004E5830 /* Assets.xcassets */,
				EA9D2BCA2B6D7D05004E5830 /* Preview Content */,
			);
			path = Gaurav_Pizza;
			sourceTree = "<group>";
		};
		EA9D2BCA2B6D7D05004E5830 /* Preview Content */ = {
			isa = PBXGroup;
			children = (
				EA9D2BCB2B6D7D05004E5830 /* Preview Assets.xcassets */,
			);
			path = "Preview Content";
			sourceTree = "<group>";
		};
		EA9D2BD42B6D7D05004E5830 /* Gaurav_PizzaTests */ = {
			isa = PBXGroup;
			children = (
				EA9D2BD52B6D7D05004E5830 /* Gaurav_PizzaTests.swift */,
			);
			path = Gaurav_PizzaTests;
			sourceTree = "<group>";
		};
		EA9D2BDE2B6D7D05004E5830 /* Gaurav_PizzaUITests */ = {
			isa = PBXGroup;
			children = (
				EA9D2BDF2B6D7D05004E5830 /* Gaurav_PizzaUITests.swift */,
				EA9D2BE12B6D7D05004E5830 /* Gaurav_PizzaUITestsLaunchTests.swift */,
			);
			path = Gaurav_PizzaUITests;
			sourceTree = "<group>";
		};
/* End PBXGroup section */

/* Begin PBXNativeTarget section */
		EA9D2BBE2B6D7D04004E5830 /* Gaurav_Pizza */ = {
			isa = PBXNativeTarget;
			buildConfigurationList = EA9D2BE52B6D7D05004E5830 /* Build configuration list for PBXNativeTarget "Gaurav_Pizza" */;
			buildPhases = (
				EA9D2BBB2B6D7D04004E5830 /* Sources */,
				EA9D2BBC2B6D7D04004E5830 /* Frameworks */,
				EA9D2BBD2B6D7D04004E5830 /* Resources */,
			);
			buildRules = (
			);
			dependencies = (
			);
			name = Gaurav_Pizza;
			productName = Gaurav_Pizza;
			productReference = EA9D2BBF2B6D7D04004E5830 /* Gaurav_Pizza.app */;
			productType = "com.apple.product-type.application";
		};
		EA9D2BD02B6D7D05004E5830 /* Gaurav_PizzaTests */ = {
			isa = PBXNativeTarget;
			buildConfigurationList = EA9D2BE82B6D7D05004E5830 /* Build configuration list for PBXNativeTarget "Gaurav_PizzaTests" */;
			buildPhases = (
				EA9D2BCD2B6D7D05004E5830 /* Sources */,
				EA9D2BCE2B6D7D05004E5830 /* Frameworks */,
				EA9D2BCF2B6D7D05004E5830 /* Resources */,
			);
			buildRules = (
			);
			dependencies = (
				EA9D2BD32B6D7D05004E5830 /* PBXTargetDependency */,
			);
			name = Gaurav_PizzaTests;
			productName = Gaurav_PizzaTests;
			productReference = EA9D2BD12B6D7D05004E5830 /* Gaurav_PizzaTests.xctest */;
			productType = "com.apple.product-type.bundle.unit-test";
		};
		EA9D2BDA2B6D7D05004E5830 /* Gaurav_PizzaUITests */ = {
			isa = PBXNativeTarget;
			buildConfigurationList = EA9D2BEB2B6D7D05004E5830 /* Build configuration list for PBXNativeTarget "Gaurav_PizzaUITests" */;
			buildPhases = (
				EA9D2BD72B6D7D05004E5830 /* Sources */,
				EA9D2BD82B6D7D05004E5830 /* Frameworks */,
				EA9D2BD92B6D7D05004E5830 /* Resources */,
			);
			buildRules = (
			);
			dependencies = (
				EA9D2BDD2B6D7D05004E5830 /* PBXTargetDependency */,
			);
			name = Gaurav_PizzaUITests;
			productName = Gaurav_PizzaUITests;
			productReference = EA9D2BDB2B6D7D05004E5830 /* Gaurav_PizzaUITests.xctest */;
			productType = "com.apple.product-type.bundle.ui-testing";
		};
/* End PBXNativeTarget section */

/* Begin PBXProject section */
		EA9D2BB72B6D7D04004E5830 /* Project object */ = {
			isa = PBXProject;
			attributes = {
				BuildIndependentTargetsInParallel = 1;
				LastSwiftUpdateCheck = 1510;
				LastUpgradeCheck = 1510;
				TargetAttributes = {
					EA9D2BBE2B6D7D04004E5830 = {
						CreatedOnToolsVersion = 15.1;
					};
					EA9D2BD02B6D7D05004E5830 = {
						CreatedOnToolsVersion = 15.1;
						TestTargetID = EA9D2BBE2B6D7D04004E5830;
					};
					EA9D2BDA2B6D7D05004E5830 = {
						CreatedOnToolsVersion = 15.1;
						TestTargetID = EA9D2BBE2B6D7D04004E5830;
					};
				};
			};
			buildConfigurationList = EA9D2BBA2B6D7D04004E5830 /* Build configuration list for PBXProject "Gaurav_Pizza" */;
			compatibilityVersion = "Xcode 14.0";
			developmentRegion = en;
			hasScannedForEncodings = 0;
			knownRegions = (
				en,
				Base,
			);
			mainGroup = EA9D2BB62B6D7D04004E5830;
			productRefGroup = EA9D2BC02B6D7D04004E5830 /* Products */;
			projectDirPath = "";
			projectRoot = "";
			targets = (
				EA9D2BBE2B6D7D04004E5830 /* Gaurav_Pizza */,
				EA9D2BD02B6D7D05004E5830 /* Gaurav_PizzaTests */,
				EA9D2BDA2B6D7D05004E5830 /* Gaurav_PizzaUITests */,
			);
		};
/* End PBXProject section */

/* Begin PBXResourcesBuildPhase section */
		EA9D2BBD2B6D7D04004E5830 /* Resources */ = {
			isa = PBXResourcesBuildPhase;
			buildActionMask = 2147483647;
			files = (
				EA9D2BCC2B6D7D05004E5830 /* Preview Assets.xcassets in Resources */,
				EA9D2BC92B6D7D05004E5830 /* Assets.xcassets in Resources */,
			);
			runOnlyForDeploymentPostprocessing = 0;
		};
		EA9D2BCF2B6D7D05004E5830 /* Resources */ = {
			isa = PBXResourcesBuildPhase;
			buildActionMask = 2147483647;
			files = (
			);
			runOnlyForDeploymentPostprocessing = 0;
		};
		EA9D2BD92B6D7D05004E5830 /* Resources */ = {
			isa = PBXResourcesBuildPhase;
			buildActionMask = 2147483647;
			files = (
			);
			runOnlyForDeploymentPostprocessing = 0;
		};
/* End PBXResourcesBuildPhase section */

/* Begin PBXSourcesBuildPhase section */
		EA9D2BBB2B6D7D04004E5830 /* Sources */ = {
			isa = PBXSourcesBuildPhase;
			buildActionMask = 2147483647;
			files = (
				EA9D2BC52B6D7D04004E5830 /* ContentView.swift in Sources */,
				EA9D2BC72B6D7D04004E5830 /* Item.swift in Sources */,
				EA9D2BC32B6D7D04004E5830 /* Gaurav_PizzaApp.swift in Sources */,
			);
			runOnlyForDeploymentPostprocessing = 0;
		};
		EA9D2BCD2B6D7D05004E5830 /* Sources */ = {
			isa = PBXSourcesBuildPhase;
			buildActionMask = 2147483647;
			files = (
				EA9D2BD62B6D7D05004E5830 /* Gaurav_PizzaTests.swift in Sources */,
			);
			runOnlyForDeploymentPostprocessing = 0;
		};
		EA9D2BD72B6D7D05004E5830 /* Sources */ = {
			isa = PBXSourcesBuildPhase;
			buildActionMask = 2147483647;
			files = (
				EA9D2BE02B6D7D05004E5830 /* Gaurav_PizzaUITests.swift in Sources */,
				EA9D2BE22B6D7D05004E5830 /* Gaurav_PizzaUITestsLaunchTests.swift in Sources */,
			);
			runOnlyForDeploymentPostprocessing = 0;
		};
/* End PBXSourcesBuildPhase section */

/* Begin PBXTargetDependency section */
		EA9D2BD32B6D7D05004E5830 /* PBXTargetDependency */ = {
			isa = PBXTargetDependency;
			target = EA9D2BBE2B6D7D04004E5830 /* Gaurav_Pizza */;
			targetProxy = EA9D2BD22B6D7D05004E5830 /* PBXContainerItemProxy */;
		};
		EA9D2BDD2B6D7D05004E5830 /* PBXTargetDependency */ = {
			isa = PBXTargetDependency;
			target = EA9D2BBE2B6D7D04004E5830 /* Gaurav_Pizza */;
			targetProxy = EA9D2BDC2B6D7D05004E5830 /* PBXContainerItemProxy */;
		};
/* End PBXTargetDependency section */

/* Begin XCBuildConfiguration section */
		EA9D2BE32B6D7D05004E5830 /* Debug */ = {
			isa = XCBuildConfiguration;
			buildSettings = {
				ALWAYS_SEARCH_USER_PATHS = NO;
				ASSETCATALOG_COMPILER_GENERATE_SWIFT_ASSET_SYMBOL_EXTENSIONS = YES;
				CLANG_ANALYZER_NONNULL = YES;
				CLANG_ANALYZER_NUMBER_OBJECT_CONVERSION = YES_AGGRESSIVE;
				CLANG_CXX_LANGUAGE_STANDARD = "gnu++20";
				CLANG_ENABLE_MODULES = YES;
				CLANG_ENABLE_OBJC_ARC = YES;
				CLANG_ENABLE_OBJC_WEAK = YES;
				CLANG_WARN_BLOCK_CAPTURE_AUTORELEASING = YES;
				CLANG_WARN_BOOL_CONVERSION = YES;
				CLANG_WARN_COMMA = YES;
				CLANG_WARN_CONSTANT_CONVERSION = YES;
				CLANG_WARN_DEPRECATED_OBJC_IMPLEMENTATIONS = YES;
				CLANG_WARN_DIRECT_OBJC_ISA_USAGE = YES_ERROR;
				CLANG_WARN_DOCUMENTATION_COMMENTS = YES;
				CLANG_WARN_EMPTY_BODY = YES;
				CLANG_WARN_ENUM_CONVERSION = YES;
				CLANG_WARN_INFINITE_RECURSION = YES;
				CLANG_WARN_INT_CONVERSION = YES;
				CLANG_WARN_NON_LITERAL_NULL_CONVERSION = YES;
				CLANG_WARN_OBJC_IMPLICIT_RETAIN_SELF = YES;
				CLANG_WARN_OBJC_LITERAL_CONVERSION = YES;
				CLANG_WARN_OBJC_ROOT_CLASS = YES_ERROR;
				CLANG_WARN_QUOTED_INCLUDE_IN_FRAMEWORK_HEADER = YES;
				CLANG_WARN_RANGE_LOOP_ANALYSIS = YES;
				CLANG_WARN_STRICT_PROTOTYPES = YES;
				CLANG_WARN_SUSPICIOUS_MOVE = YES;
				CLANG_WARN_UNGUARDED_AVAILABILITY = YES_AGGRESSIVE;
				CLANG_WARN_UNREACHABLE_CODE = YES;
				CLANG_WARN__DUPLICATE_METHOD_MATCH = YES;
				COPY_PHASE_STRIP = NO;
				DEBUG_INFORMATION_FORMAT = dwarf;
				ENABLE_STRICT_OBJC_MSGSEND = YES;
				ENABLE_TESTABILITY = YES;
				ENABLE_USER_SCRIPT_SANDBOXING = YES;
				GCC_C_LANGUAGE_STANDARD = gnu17;
				GCC_DYNAMIC_NO_PIC = NO;
				GCC_NO_COMMON_BLOCKS = YES;
				GCC_OPTIMIZATION_LEVEL = 0;
				GCC_PREPROCESSOR_DEFINITIONS = (
					"DEBUG=1",
					"$(inherited)",
				);
				GCC_WARN_64_TO_32_BIT_CONVERSION = YES;
				GCC_WARN_ABOUT_RETURN_TYPE = YES_ERROR;
				GCC_WARN_UNDECLARED_SELECTOR = YES;
				GCC_WARN_UNINITIALIZED_AUTOS = YES_AGGRESSIVE;
				GCC_WARN_UNUSED_FUNCTION = YES;
				GCC_WARN_UNUSED_VARIABLE = YES;
				IPHONEOS_DEPLOYMENT_TARGET = 17.2;
				LOCALIZATION_PREFERS_STRING_CATALOGS = YES;
				MTL_ENABLE_DEBUG_INFO = INCLUDE_SOURCE;
				MTL_FAST_MATH = YES;
				ONLY_ACTIVE_ARCH = YES;
				SDKROOT = iphoneos;
				SWIFT_ACTIVE_COMPILATION_CONDITIONS = "DEBUG $(inherited)";
				SWIFT_OPTIMIZATION_LEVEL = "-Onone";
			};
			name = Debug;
		};
		EA9D2BE42B6D7D05004E5830 /* Release */ = {
			isa = XCBuildConfiguration;
			buildSettings = {
				ALWAYS_SEARCH_USER_PATHS = NO;
				ASSETCATALOG_COMPILER_GENERATE_SWIFT_ASSET_SYMBOL_EXTENSIONS = YES;
				CLANG_ANALYZER_NONNULL = YES;
				CLANG_ANALYZER_NUMBER_OBJECT_CONVERSION = YES_AGGRESSIVE;
				CLANG_CXX_LANGUAGE_STANDARD = "gnu++20";
				CLANG_ENABLE_MODULES = YES;
				CLANG_ENABLE_OBJC_ARC = YES;
				CLANG_ENABLE_OBJC_WEAK = YES;
				CLANG_WARN_BLOCK_CAPTURE_AUTORELEASING = YES;
				CLANG_WARN_BOOL_CONVERSION = YES;
				CLANG_WARN_COMMA = YES;
				CLANG_WARN_CONSTANT_CONVERSION = YES;
				CLANG_WARN_DEPRECATED_OBJC_IMPLEMENTATIONS = YES;
				CLANG_WARN_DIRECT_OBJC_ISA_USAGE = YES_ERROR;
				CLANG_WARN_DOCUMENTATION_COMMENTS = YES;
				CLANG_WARN_EMPTY_BODY = YES;
				CLANG_WARN_ENUM_CONVERSION = YES;
				CLANG_WARN_INFINITE_RECURSION = YES;
				CLANG_WARN_INT_CONVERSION = YES;
				CLANG_WARN_NON_LITERAL_NULL_CONVERSION = YES;
				CLANG_WARN_OBJC_IMPLICIT_RETAIN_SELF = YES;
				CLANG_WARN_OBJC_LITERAL_CONVERSION = YES;
				CLANG_WARN_OBJC_ROOT_CLASS = YES_ERROR;
				CLANG_WARN_QUOTED_INCLUDE_IN_FRAMEWORK_HEADER = YES;
				CLANG_WARN_RANGE_LOOP_ANALYSIS = YES;
				CLANG_WARN_STRICT_PROTOTYPES = YES;
				CLANG_WARN_SUSPICIOUS_MOVE = YES;
				CLANG_WARN_UNGUARDED_AVAILABILITY = YES_AGGRESSIVE;
				CLANG_WARN_UNREACHABLE_CODE = YES;
				CLANG_WARN__DUPLICATE_METHOD_MATCH = YES;
				COPY_PHASE_STRIP = NO;
				DEBUG_INFORMATION_FORMAT = "dwarf-with-dsym";
				ENABLE_NS_ASSERTIONS = NO;
				ENABLE_STRICT_OBJC_MSGSEND = YES;
				ENABLE_USER_SCRIPT_SANDBOXING = YES;
				GCC_C_LANGUAGE_STANDARD = gnu17;
				GCC_NO_COMMON_BLOCKS = YES;
				GCC_WARN_64_TO_32_BIT_CONVERSION = YES;
				GCC_WARN_ABOUT_RETURN_TYPE = YES_ERROR;
				GCC_WARN_UNDECLARED_SELECTOR = YES;
				GCC_WARN_UNINITIALIZED_AUTOS = YES_AGGRESSIVE;
				GCC_WARN_UNUSED_FUNCTION = YES;
				GCC_WARN_UNUSED_VARIABLE = YES;
				IPHONEOS_DEPLOYMENT_TARGET = 17.2;
				LOCALIZATION_PREFERS_STRING_CATALOGS = YES;
				MTL_ENABLE_DEBUG_INFO = NO;
				MTL_FAST_MATH = YES;
				SDKROOT = iphoneos;
				SWIFT_COMPILATION_MODE = wholemodule;
				VALIDATE_PRODUCT = YES;
			};
			name = Release;
		};
		EA9D2BE62B6D7D05004E5830 /* Debug */ = {
			isa = XCBuildConfiguration;
			buildSettings = {
				ASSETCATALOG_COMPILER_APPICON_NAME = AppIcon;
				ASSETCATALOG_COMPILER_GLOBAL_ACCENT_COLOR_NAME = AccentColor;
				CODE_SIGN_STYLE = Automatic;
				CURRENT_PROJECT_VERSION = 1;
				DEVELOPMENT_ASSET_PATHS = "\"Gaurav_Pizza/Preview Content\"";
				ENABLE_PREVIEWS = YES;
				GENERATE_INFOPLIST_FILE = YES;
				INFOPLIST_KEY_UIApplicationSceneManifest_Generation = YES;
				INFOPLIST_KEY_UIApplicationSupportsIndirectInputEvents = YES;
				INFOPLIST_KEY_UILaunchScreen_Generation = YES;
				INFOPLIST_KEY_UISupportedInterfaceOrientations_iPad = "UIInterfaceOrientationPortrait UIInterfaceOrientationPortraitUpsideDown UIInterfaceOrientationLandscapeLeft UIInterfaceOrientationLandscapeRight";
				INFOPLIST_KEY_UISupportedInterfaceOrientations_iPhone = "UIInterfaceOrientationPortrait UIInterfaceOrientationLandscapeLeft UIInterfaceOrientationLandscapeRight";
				LD_RUNPATH_SEARCH_PATHS = (
					"$(inherited)",
					"@executable_path/Frameworks",
				);
				MARKETING_VERSION = 1.0;
				PRODUCT_BUNDLE_IDENTIFIER = "com..first.Gaurav-Pizza";
				PRODUCT_NAME = "$(TARGET_NAME)";
				SWIFT_EMIT_LOC_STRINGS = YES;
				SWIFT_VERSION = 5.0;
				TARGETED_DEVICE_FAMILY = "1,2";
			};
			name = Debug;
		};
		EA9D2BE72B6D7D05004E5830 /* Release */ = {
			isa = XCBuildConfiguration;
			buildSettings = {
				ASSETCATALOG_COMPILER_APPICON_NAME = AppIcon;
				ASSETCATALOG_COMPILER_GLOBAL_ACCENT_COLOR_NAME = AccentColor;
				CODE_SIGN_STYLE = Automatic;
				CURRENT_PROJECT_VERSION = 1;
				DEVELOPMENT_ASSET_PATHS = "\"Gaurav_Pizza/Preview Content\"";
				ENABLE_PREVIEWS = YES;
				GENERATE_INFOPLIST_FILE = YES;
				INFOPLIST_KEY_UIApplicationSceneManifest_Generation = YES;
				INFOPLIST_KEY_UIApplicationSupportsIndirectInputEvents = YES;
				INFOPLIST_KEY_UILaunchScreen_Generation = YES;
				INFOPLIST_KEY_UISupportedInterfaceOrientations_iPad = "UIInterfaceOrientationPortrait UIInterfaceOrientationPortraitUpsideDown UIInterfaceOrientationLandscapeLeft UIInterfaceOrientationLandscapeRight";
				INFOPLIST_KEY_UISupportedInterfaceOrientations_iPhone = "UIInterfaceOrientationPortrait UIInterfaceOrientationLandscapeLeft UIInterfaceOrientationLandscapeRight";
				LD_RUNPATH_SEARCH_PATHS = (
					"$(inherited)",
					"@executable_path/Frameworks",
				);
				MARKETING_VERSION = 1.0;
				PRODUCT_BUNDLE_IDENTIFIER = "com..first.Gaurav-Pizza";
				PRODUCT_NAME = "$(TARGET_NAME)";
				SWIFT_EMIT_LOC_STRINGS = YES;
				SWIFT_VERSION = 5.0;
				TARGETED_DEVICE_FAMILY = "1,2";
			};
			name = Release;
		};
		EA9D2BE92B6D7D05004E5830 /* Debug */ = {
			isa = XCBuildConfiguration;
			buildSettings = {
				ALWAYS_EMBED_SWIFT_STANDARD_LIBRARIES = YES;
				BUNDLE_LOADER = "$(TEST_HOST)";
				CODE_SIGN_STYLE = Automatic;
				CURRENT_PROJECT_VERSION = 1;
				GENERATE_INFOPLIST_FILE = YES;
				IPHONEOS_DEPLOYMENT_TARGET = 17.2;
				MARKETING_VERSION = 1.0;
				PRODUCT_BUNDLE_IDENTIFIER = "com..first.Gaurav-PizzaTests";
				PRODUCT_NAME = "$(TARGET_NAME)";
				SWIFT_EMIT_LOC_STRINGS = NO;
				SWIFT_VERSION = 5.0;
				TARGETED_DEVICE_FAMILY = "1,2";
				TEST_HOST = "$(BUILT_PRODUCTS_DIR)/Gaurav_Pizza.app/$(BUNDLE_EXECUTABLE_FOLDER_PATH)/Gaurav_Pizza";
			};
			name = Debug;
		};
		EA9D2BEA2B6D7D05004E5830 /* Release */ = {
			isa = XCBuildConfiguration;
			buildSettings = {
				ALWAYS_EMBED_SWIFT_STANDARD_LIBRARIES = YES;
				BUNDLE_LOADER = "$(TEST_HOST)";
				CODE_SIGN_STYLE = Automatic;
				CURRENT_PROJECT_VERSION = 1;
				GENERATE_INFOPLIST_FILE = YES;
				IPHONEOS_DEPLOYMENT_TARGET = 17.2;
				MARKETING_VERSION = 1.0;
				PRODUCT_BUNDLE_IDENTIFIER = "com..first.Gaurav-PizzaTests";
				PRODUCT_NAME = "$(TARGET_NAME)";
				SWIFT_EMIT_LOC_STRINGS = NO;
				SWIFT_VERSION = 5.0;
				TARGETED_DEVICE_FAMILY = "1,2";
				TEST_HOST = "$(BUILT_PRODUCTS_DIR)/Gaurav_Pizza.app/$(BUNDLE_EXECUTABLE_FOLDER_PATH)/Gaurav_Pizza";
			};
			name = Release;
		};
		EA9D2BEC2B6D7D05004E5830 /* Debug */ = {
			isa = XCBuildConfiguration;
			buildSettings = {
				ALWAYS_EMBED_SWIFT_STANDARD_LIBRARIES = YES;
				CODE_SIGN_STYLE = Automatic;
				CURRENT_PROJECT_VERSION = 1;
				GENERATE_INFOPLIST_FILE = YES;
				MARKETING_VERSION = 1.0;
				PRODUCT_BUNDLE_IDENTIFIER = "com..first.Gaurav-PizzaUITests";
				PRODUCT_NAME = "$(TARGET_NAME)";
				SWIFT_EMIT_LOC_STRINGS = NO;
				SWIFT_VERSION = 5.0;
				TARGETED_DEVICE_FAMILY = "1,2";
				TEST_TARGET_NAME = Gaurav_Pizza;
			};
			name = Debug;
		};
		EA9D2BED2B6D7D05004E5830 /* Release */ = {
			isa = XCBuildConfiguration;
			buildSettings = {
				ALWAYS_EMBED_SWIFT_STANDARD_LIBRARIES = YES;
				CODE_SIGN_STYLE = Automatic;
				CURRENT_PROJECT_VERSION = 1;
				GENERATE_INFOPLIST_FILE = YES;
				MARKETING_VERSION = 1.0;
				PRODUCT_BUNDLE_IDENTIFIER = "com..first.Gaurav-PizzaUITests";
				PRODUCT_NAME = "$(TARGET_NAME)";
				SWIFT_EMIT_LOC_STRINGS = NO;
				SWIFT_VERSION = 5.0;
				TARGETED_DEVICE_FAMILY = "1,2";
				TEST_TARGET_NAME = Gaurav_Pizza;
			};
			name = Release;
		};
/* End XCBuildConfiguration section */

/* Begin XCConfigurationList section */
		EA9D2BBA2B6D7D04004E5830 /* Build configuration list for PBXProject "Gaurav_Pizza" */ = {
			isa = XCConfigurationList;
			buildConfigurations = (
				EA9D2BE32B6D7D05004E5830 /* Debug */,
				EA9D2BE42B6D7D05004E5830 /* Release */,
			);
			defaultConfigurationIsVisible = 0;
			defaultConfigurationName = Release;
		};
		EA9D2BE52B6D7D05004E5830 /* Build configuration list for PBXNativeTarget "Gaurav_Pizza" */ = {
			isa = XCConfigurationList;
			buildConfigurations = (
				EA9D2BE62B6D7D05004E5830 /* Debug */,
				EA9D2BE72B6D7D05004E5830 /* Release */,
			);
			defaultConfigurationIsVisible = 0;
			defaultConfigurationName = Release;
		};
		EA9D2BE82B6D7D05004E5830 /* Build configuration list for PBXNativeTarget "Gaurav_PizzaTests" */ = {
			isa = XCConfigurationList;
			buildConfigurations = (
				EA9D2BE92B6D7D05004E5830 /* Debug */,
				EA9D2BEA2B6D7D05004E5830 /* Release */,
			);
			defaultConfigurationIsVisible = 0;
			defaultConfigurationName = Release;
		};
		EA9D2BEB2B6D7D05004E5830 /* Build configuration list for PBXNativeTarget "Gaurav_PizzaUITests" */ = {
			isa = XCConfigurationList;
			buildConfigurations = (
				EA9D2BEC2B6D7D05004E5830 /* Debug */,
				EA9D2BED2B6D7D05004E5830 /* Release */,
			);
			defaultConfigurationIsVisible = 0;
			defaultConfigurationName = Release;
		};
/* End XCConfigurationList section */
	};
	rootObject = EA9D2BB72B6D7D04004E5830 /* Project object */;
}
